// !$*UTF8*$!
{
	archiveVersion = 1;
	classes = {
	};
	objectVersion = 46;
	objects = {

/* Begin PBXBuildFile section */
		F37167FF1A7A4707001EE218 /* AppDelegate.swift in Sources */ = {isa = PBXBuildFile; fileRef = F37167FE1A7A4707001EE218 /* AppDelegate.swift */; };
		F37168011A7A4707001EE218 /* ViewController.swift in Sources */ = {isa = PBXBuildFile; fileRef = F37168001A7A4707001EE218 /* ViewController.swift */; };
		F37168041A7A4708001EE218 /* Main.storyboard in Resources */ = {isa = PBXBuildFile; fileRef = F37168021A7A4708001EE218 /* Main.storyboard */; };
		F37168061A7A4708001EE218 /* Images.xcassets in Resources */ = {isa = PBXBuildFile; fileRef = F37168051A7A4708001EE218 /* Images.xcassets */; };
		F37168091A7A4708001EE218 /* LaunchScreen.xib in Resources */ = {isa = PBXBuildFile; fileRef = F37168071A7A4708001EE218 /* LaunchScreen.xib */; };
		F37168151A7A4709001EE218 /* PostcardTests.swift in Sources */ = {isa = PBXBuildFile; fileRef = F37168141A7A4709001EE218 /* PostcardTests.swift */; };
/* End PBXBuildFile section */

/* Begin PBXContainerItemProxy section */
		F371680F1A7A4709001EE218 /* PBXContainerItemProxy */ = {
			isa = PBXContainerItemProxy;
			containerPortal = F37167F11A7A4707001EE218 /* Project object */;
			proxyType = 1;
			remoteGlobalIDString = F37167F81A7A4707001EE218;
			remoteInfo = Postcard;
		};
/* End PBXContainerItemProxy section */

/* Begin PBXFileReference section */
		F37167F91A7A4707001EE218 /* Postcard.app */ = {isa = PBXFileReference; explicitFileType = wrapper.application; includeInIndex = 0; path = Postcard.app; sourceTree = BUILT_PRODUCTS_DIR; };
		F37167FD1A7A4707001EE218 /* Info.plist */ = {isa = PBXFileReference; lastKnownFileType = text.plist.xml; path = Info.plist; sourceTree = "<group>"; };
		F37167FE1A7A4707001EE218 /* AppDelegate.swift */ = {isa = PBXFileReference; lastKnownFileType = sourcecode.swift; path = AppDelegate.swift; sourceTree = "<group>"; };
		F37168001A7A4707001EE218 /* ViewController.swift */ = {isa = PBXFileReference; lastKnownFileType = sourcecode.swift; path = ViewController.swift; sourceTree = "<group>"; };
		F37168031A7A4708001EE218 /* Base */ = {isa = PBXFileReference; lastKnownFileType = file.storyboard; name = Base; path = Base.lproj/Main.storyboard; sourceTree = "<group>"; };
		F37168051A7A4708001EE218 /* Images.xcassets */ = {isa = PBXFileReference; lastKnownFileType = folder.assetcatalog; path = Images.xcassets; sourceTree = "<group>"; };
		F37168081A7A4708001EE218 /* Base */ = {isa = PBXFileReference; lastKnownFileType = file.xib; name = Base; path = Base.lproj/LaunchScreen.xib; sourceTree = "<group>"; };
		F371680E1A7A4709001EE218 /* PostcardTests.xctest */ = {isa = PBXFileReference; explicitFileType = wrapper.cfbundle; includeInIndex = 0; path = PostcardTests.xctest; sourceTree = BUILT_PRODUCTS_DIR; };
		F37168131A7A4709001EE218 /* Info.plist */ = {isa = PBXFileReference; lastKnownFileType = text.plist.xml; path = Info.plist; sourceTree = "<group>"; };
		F37168141A7A4709001EE218 /* PostcardTests.swift */ = {isa = PBXFileReference; lastKnownFileType = sourcecode.swift; path = PostcardTests.swift; sourceTree = "<group>"; };
/* End PBXFileReference section */

/* Begin PBXFrameworksBuildPhase section */
		F37167F61A7A4707001EE218 /* Frameworks */ = {
			isa = PBXFrameworksBuildPhase;
			buildActionMask = 2147483647;
			files = (
			);
			runOnlyForDeploymentPostprocessing = 0;
		};
		F371680B1A7A4709001EE218 /* Frameworks */ = {
			isa = PBXFrameworksBuildPhase;
			buildActionMask = 2147483647;
			files = (
			);
			runOnlyForDeploymentPostprocessing = 0;
		};
/* End PBXFrameworksBuildPhase section */

/* Begin PBXGroup section */
		F37167F01A7A4707001EE218 = {
			isa = PBXGroup;
			children = (
				F37167FB1A7A4707001EE218 /* Postcard */,
				F37168111A7A4709001EE218 /* PostcardTests */,
				F37167FA1A7A4707001EE218 /* Products */,
			);
			sourceTree = "<group>";
		};
		F37167FA1A7A4707001EE218 /* Products */ = {
			isa = PBXGroup;
			children = (
				F37167F91A7A4707001EE218 /* Postcard.app */,
				F371680E1A7A4709001EE218 /* PostcardTests.xctest */,
			);
			name = Products;
			sourceTree = "<group>";
		};
		F37167FB1A7A4707001EE218 /* Postcard */ = {
			isa = PBXGroup;
			children = (
				F37167FE1A7A4707001EE218 /* AppDelegate.swift */,
				F37168001A7A4707001EE218 /* ViewController.swift */,
				F37168021A7A4708001EE218 /* Main.storyboard */,
				F37168051A7A4708001EE218 /* Images.xcassets */,
				F37168071A7A4708001EE218 /* LaunchScreen.xib */,
				F37167FC1A7A4707001EE218 /* Supporting Files */,
			);
			path = Postcard;
			sourceTree = "<group>";
		};
		F37167FC1A7A4707001EE218 /* Supporting Files */ = {
			isa = PBXGroup;
			children = (
				F37167FD1A7A4707001EE218 /* Info.plist */,
			);
			name = "Supporting Files";
			sourceTree = "<group>";
		};
		F37168111A7A4709001EE218 /* PostcardTests */ = {
			isa = PBXGroup;
			children = (
				F37168141A7A4709001EE218 /* PostcardTests.swift */,
				F37168121A7A4709001EE218 /* Supporting Files */,
			);
			path = PostcardTests;
			sourceTree = "<group>";
		};
		F37168121A7A4709001EE218 /* Supporting Files */ = {
			isa = PBXGroup;
			children = (
				F37168131A7A4709001EE218 /* Info.plist */,
			);
			name = "Supporting Files";
			sourceTree = "<group>";
		};
/* End PBXGroup section */

/* Begin PBXNativeTarget section */
		F37167F81A7A4707001EE218 /* Postcard */ = {
			isa = PBXNativeTarget;
			buildConfigurationList = F37168181A7A4709001EE218 /* Build configuration list for PBXNativeTarget "Postcard" */;
			buildPhases = (
				F37167F51A7A4707001EE218 /* Sources */,
				F37167F61A7A4707001EE218 /* Frameworks */,
				F37167F71A7A4707001EE218 /* Resources */,
			);
			buildRules = (
			);
			dependencies = (
			);
			name = Postcard;
			productName = Postcard;
			productReference = F37167F91A7A4707001EE218 /* Postcard.app */;
			productType = "com.apple.product-type.application";
		};
		F371680D1A7A4709001EE218 /* PostcardTests */ = {
			isa = PBXNativeTarget;
			buildConfigurationList = F371681B1A7A4709001EE218 /* Build configuration list for PBXNativeTarget "PostcardTests" */;
			buildPhases = (
				F371680A1A7A4709001EE218 /* Sources */,
				F371680B1A7A4709001EE218 /* Frameworks */,
				F371680C1A7A4709001EE218 /* Resources */,
			);
			buildRules = (
			);
			dependencies = (
				F37168101A7A4709001EE218 /* PBXTargetDependency */,
			);
			name = PostcardTests;
			productName = PostcardTests;
			productReference = F371680E1A7A4709001EE218 /* PostcardTests.xctest */;
			productType = "com.apple.product-type.bundle.unit-test";
		};
/* End PBXNativeTarget section */

/* Begin PBXProject section */
		F37167F11A7A4707001EE218 /* Project object */ = {
			isa = PBXProject;
			attributes = {
				LastUpgradeCheck = 0610;
				ORGANIZATIONNAME = "Dirk Boller";
				TargetAttributes = {
					F37167F81A7A4707001EE218 = {
						CreatedOnToolsVersion = 6.1.1;
					};
					F371680D1A7A4709001EE218 = {
						CreatedOnToolsVersion = 6.1.1;
						TestTargetID = F37167F81A7A4707001EE218;
					};
				};
			};
			buildConfigurationList = F37167F41A7A4707001EE218 /* Build configuration list for PBXProject "Postcard" */;
			compatibilityVersion = "Xcode 3.2";
			developmentRegion = English;
			hasScannedForEncodings = 0;
			knownRegions = (
				en,
				Base,
			);
			mainGroup = F37167F01A7A4707001EE218;
			productRefGroup = F37167FA1A7A4707001EE218 /* Products */;
			projectDirPath = "";
			projectRoot = "";
			targets = (
				F37167F81A7A4707001EE218 /* Postcard */,
				F371680D1A7A4709001EE218 /* PostcardTests */,
			);
		};
/* End PBXProject section */

/* Begin PBXResourcesBuildPhase section */
		F37167F71A7A4707001EE218 /* Resources */ = {
			isa = PBXResourcesBuildPhase;
			buildActionMask = 2147483647;
			files = (
				F37168041A7A4708001EE218 /* Main.storyboard in Resources */,
				F37168091A7A4708001EE218 /* LaunchScreen.xib in Resources */,
				F37168061A7A4708001EE218 /* Images.xcassets in Resources */,
			);
			runOnlyForDeploymentPostprocessing = 0;
		};
		F371680C1A7A4709001EE218 /* Resources */ = {
			isa = PBXResourcesBuildPhase;
			buildActionMask = 2147483647;
			files = (
			);
			runOnlyForDeploymentPostprocessing = 0;
		};
/* End PBXResourcesBuildPhase section */

/* Begin PBXSourcesBuildPhase section */
		F37167F51A7A4707001EE218 /* Sources */ = {
			isa = PBXSourcesBuildPhase;
			buildActionMask = 2147483647;
			files = (
				F37168011A7A4707001EE218 /* ViewController.swift in Sources */,
				F37167FF1A7A4707001EE218 /* AppDelegate.swift in Sources */,
			);
			runOnlyForDeploymentPostprocessing = 0;
		};
		F371680A1A7A4709001EE218 /* Sources */ = {
			isa = PBXSourcesBuildPhase;
			buildActionMask = 2147483647;
			files = (
				F37168151A7A4709001EE218 /* PostcardTests.swift in Sources */,
			);
			runOnlyForDeploymentPostprocessing = 0;
		};
/* End PBXSourcesBuildPhase section */

/* Begin PBXTargetDependency section */
		F37168101A7A4709001EE218 /* PBXTargetDependency */ = {
			isa = PBXTargetDependency;
			target = F37167F81A7A4707001EE218 /* Postcard */;
			targetProxy = F371680F1A7A4709001EE218 /* PBXContainerItemProxy */;
		};
/* End PBXTargetDependency section */

/* Begin PBXVariantGroup section */
		F37168021A7A4708001EE218 /* Main.storyboard */ = {
			isa = PBXVariantGroup;
			children = (
				F37168031A7A4708001EE218 /* Base */,
			);
			name = Main.storyboard;
			sourceTree = "<group>";
		};
		F37168071A7A4708001EE218 /* LaunchScreen.xib */ = {
			isa = PBXVariantGroup;
			children = (
				F37168081A7A4708001EE218 /* Base */,
			);
			name = LaunchScreen.xib;
			sourceTree = "<group>";
		};
/* End PBXVariantGroup section */

/* Begin XCBuildConfiguration section */
		F37168161A7A4709001EE218 /* Debug */ = {
			isa = XCBuildConfiguration;
			buildSettings = {
				ALWAYS_SEARCH_USER_PATHS = NO;
				CLANG_CXX_LANGUAGE_STANDARD = "gnu++0x";
				CLANG_CXX_LIBRARY = "libc++";
				CLANG_ENABLE_MODULES = YES;
				CLANG_ENABLE_OBJC_ARC = YES;
				CLANG_WARN_BOOL_CONVERSION = YES;
				CLANG_WARN_CONSTANT_CONVERSION = YES;
				CLANG_WARN_DIRECT_OBJC_ISA_USAGE = YES_ERROR;
				CLANG_WARN_EMPTY_BODY = YES;
				CLANG_WARN_ENUM_CONVERSION = YES;
				CLANG_WARN_INT_CONVERSION = YES;
				CLANG_WARN_OBJC_ROOT_CLASS = YES_ERROR;
				CLANG_WARN_UNREACHABLE_CODE = YES;
				CLANG_WARN__DUPLICATE_METHOD_MATCH = YES;
				"CODE_SIGN_IDENTITY[sdk=iphoneos*]" = "iPhone Developer";
				COPY_PHASE_STRIP = NO;
				ENABLE_STRICT_OBJC_MSGSEND = YES;
				GCC_C_LANGUAGE_STANDARD = gnu99;
				GCC_DYNAMIC_NO_PIC = NO;
				GCC_OPTIMIZATION_LEVEL = 0;
				GCC_PREPROCESSOR_DEFINITIONS = (
					"DEBUG=1",
					"$(inherited)",
				);
				GCC_SYMBOLS_PRIVATE_EXTERN = NO;
				GCC_WARN_64_TO_32_BIT_CONVERSION = YES;
				GCC_WARN_ABOUT_RETURN_TYPE = YES_ERROR;
				GCC_WARN_UNDECLARED_SELECTOR = YES;
				GCC_WARN_UNINITIALIZED_AUTOS = YES_AGGRESSIVE;
				GCC_WARN_UNUSED_FUNCTION = YES;
				GCC_WARN_UNUSED_VARIABLE = YES;
				IPHONEOS_DEPLOYMENT_TARGET = 8.1;
				MTL_ENABLE_DEBUG_INFO = YES;
				ONLY_ACTIVE_ARCH = YES;
				SDKROOT = iphoneos;
				SWIFT_OPTIMIZATION_LEVEL = "-Onone";
				TARGETED_DEVICE_FAMILY = "1,2";
			};
			name = Debug;
		};
		F37168171A7A4709001EE218 /* Release */ = {
			isa = XCBuildConfiguration;
			buildSettings = {
				ALWAYS_SEARCH_USER_PATHS = NO;
				CLANG_CXX_LANGUAGE_STANDARD = "gnu++0x";
				CLANG_CXX_LIBRARY = "libc++";
				CLANG_ENABLE_MODULES = YES;
				CLANG_ENABLE_OBJC_ARC = YES;
				CLANG_WARN_BOOL_CONVERSION = YES;
				CLANG_WARN_CONSTANT_CONVERSION = YES;
				CLANG_WARN_DIRECT_OBJC_ISA_USAGE = YES_ERROR;
				CLANG_WARN_EMPTY_BODY = YES;
				CLANG_WARN_ENUM_CONVERSION = YES;
				CLANG_WARN_INT_CONVERSION = YES;
				CLANG_WARN_OBJC_ROOT_CLASS = YES_ERROR;
				CLANG_WARN_UNREACHABLE_CODE = YES;
				CLANG_WARN__DUPLICATE_METHOD_MATCH = YES;
				"CODE_SIGN_IDENTITY[sdk=iphoneos*]" = "iPhone Developer";
				COPY_PHASE_STRIP = YES;
				ENABLE_NS_ASSERTIONS = NO;
				ENABLE_STRICT_OBJC_MSGSEND = YES;
				GCC_C_LANGUAGE_STANDARD = gnu99;
				GCC_WARN_64_TO_32_BIT_CONVERSION = YES;
				GCC_WARN_ABOUT_RETURN_TYPE = YES_ERROR;
				GCC_WARN_UNDECLARED_SELECTOR = YES;
				GCC_WARN_UNINITIALIZED_AUTOS = YES_AGGRESSIVE;
				GCC_WARN_UNUSED_FUNCTION = YES;
				GCC_WARN_UNUSED_VARIABLE = YES;
				IPHONEOS_DEPLOYMENT_TARGET = 8.1;
				MTL_ENABLE_DEBUG_INFO = NO;
				SDKROOT = iphoneos;
				TARGETED_DEVICE_FAMILY = "1,2";
				VALIDATE_PRODUCT = YES;
			};
			name = Release;
		};
		F37168191A7A4709001EE218 /* Debug */ = {
			isa = XCBuildConfiguration;
			buildSettings = {
				ASSETCATALOG_COMPILER_APPICON_NAME = AppIcon;
				INFOPLIST_FILE = Postcard/Info.plist;
				LD_RUNPATH_SEARCH_PATHS = "$(inherited) @executable_path/Frameworks";
				PRODUCT_NAME = "$(TARGET_NAME)";
			};
			name = Debug;
		};
		F371681A1A7A4709001EE218 /* Release */ = {
			isa = XCBuildConfiguration;
			buildSettings = {
				ASSETCATALOG_COMPILER_APPICON_NAME = AppIcon;
				INFOPLIST_FILE = Postcard/Info.plist;
				LD_RUNPATH_SEARCH_PATHS = "$(inherited) @executable_path/Frameworks";
				PRODUCT_NAME = "$(TARGET_NAME)";
			};
			name = Release;
		};
		F371681C1A7A4709001EE218 /* Debug */ = {
			isa = XCBuildConfiguration;
			buildSettings = {
				BUNDLE_LOADER = "$(TEST_HOST)";
				FRAMEWORK_SEARCH_PATHS = (
					"$(SDKROOT)/Developer/Library/Frameworks",
					"$(inherited)",
				);
				GCC_PREPROCESSOR_DEFINITIONS = (
					"DEBUG=1",
					"$(inherited)",
				);
				INFOPLIST_FILE = PostcardTests/Info.plist;
				LD_RUNPATH_SEARCH_PATHS = "$(inherited) @executable_path/Frameworks @loader_path/Frameworks";
				PRODUCT_NAME = "$(TARGET_NAME)";
				TEST_HOST = "$(BUILT_PRODUCTS_DIR)/Postcard.app/Postcard";
			};
			name = Debug;
		};
		F371681D1A7A4709001EE218 /* Release */ = {
			isa = XCBuildConfiguration;
			buildSettings = {
				BUNDLE_LOADER = "$(TEST_HOST)";
				FRAMEWORK_SEARCH_PATHS = (
					"$(SDKROOT)/Developer/Library/Frameworks",
					"$(inherited)",
				);
				INFOPLIST_FILE = PostcardTests/Info.plist;
				LD_RUNPATH_SEARCH_PATHS = "$(inherited) @executable_path/Frameworks @loader_path/Frameworks";
				PRODUCT_NAME = "$(TARGET_NAME)";
				TEST_HOST = "$(BUILT_PRODUCTS_DIR)/Postcard.app/Postcard";
			};
			name = Release;
		};
/* End XCBuildConfiguration section */

/* Begin XCConfigurationList section */
		F37167F41A7A4707001EE218 /* Build configuration list for PBXProject "Postcard" */ = {
			isa = XCConfigurationList;
			buildConfigurations = (
				F37168161A7A4709001EE218 /* Debug */,
				F37168171A7A4709001EE218 /* Release */,
			);
			defaultConfigurationIsVisible = 0;
			defaultConfigurationName = Release;
		};
		F37168181A7A4709001EE218 /* Build configuration list for PBXNativeTarget "Postcard" */ = {
			isa = XCConfigurationList;
			buildConfigurations = (
				F37168191A7A4709001EE218 /* Debug */,
				F371681A1A7A4709001EE218 /* Release */,
			);
			defaultConfigurationIsVisible = 0;
		};
		F371681B1A7A4709001EE218 /* Build configuration list for PBXNativeTarget "PostcardTests" */ = {
			isa = XCConfigurationList;
			buildConfigurations = (
				F371681C1A7A4709001EE218 /* Debug */,
				F371681D1A7A4709001EE218 /* Release */,
			);
			defaultConfigurationIsVisible = 0;
		};
/* End XCConfigurationList section */
	};
	rootObject = F37167F11A7A4707001EE218 /* Project object */;
}
